// !$*UTF8*$!
{
	archiveVersion = 1;
	classes = {
	};
	objectVersion = 46;
	objects = {

/* Begin PBXBuildFile section */
		657ED7F01D19847600A90874 /* AppDelegate.swift in Sources */ = {isa = PBXBuildFile; fileRef = 657ED7EF1D19847600A90874 /* AppDelegate.swift */; };
		657ED7F21D19847600A90874 /* ViewController.swift in Sources */ = {isa = PBXBuildFile; fileRef = 657ED7F11D19847600A90874 /* ViewController.swift */; };
		657ED7F51D19847600A90874 /* Main.storyboard in Resources */ = {isa = PBXBuildFile; fileRef = 657ED7F31D19847600A90874 /* Main.storyboard */; };
		657ED7F71D19847600A90874 /* Assets.xcassets in Resources */ = {isa = PBXBuildFile; fileRef = 657ED7F61D19847600A90874 /* Assets.xcassets */; };
		657ED7FA1D19847600A90874 /* LaunchScreen.storyboard in Resources */ = {isa = PBXBuildFile; fileRef = 657ED7F81D19847600A90874 /* LaunchScreen.storyboard */; };
		657ED8051D19847600A90874 /* testwelcmapUITests.swift in Sources */ = {isa = PBXBuildFile; fileRef = 657ED8041D19847600A90874 /* testwelcmapUITests.swift */; };
/* End PBXBuildFile section */

/* Begin PBXContainerItemProxy section */
		657ED8011D19847600A90874 /* PBXContainerItemProxy */ = {
			isa = PBXContainerItemProxy;
			containerPortal = 657ED7E41D19847600A90874 /* Project object */;
			proxyType = 1;
			remoteGlobalIDString = 657ED7EB1D19847600A90874;
			remoteInfo = testwelcmap;
		};
/* End PBXContainerItemProxy section */

/* Begin PBXFileReference section */
		657ED7EC1D19847600A90874 /* testwelcmap.app */ = {isa = PBXFileReference; explicitFileType = wrapper.application; includeInIndex = 0; path = testwelcmap.app; sourceTree = BUILT_PRODUCTS_DIR; };
		657ED7EF1D19847600A90874 /* AppDelegate.swift */ = {isa = PBXFileReference; lastKnownFileType = sourcecode.swift; path = AppDelegate.swift; sourceTree = "<group>"; };
		657ED7F11D19847600A90874 /* ViewController.swift */ = {isa = PBXFileReference; lastKnownFileType = sourcecode.swift; path = ViewController.swift; sourceTree = "<group>"; };
		657ED7F41D19847600A90874 /* Base */ = {isa = PBXFileReference; lastKnownFileType = file.storyboard; name = Base; path = Base.lproj/Main.storyboard; sourceTree = "<group>"; };
		657ED7F61D19847600A90874 /* Assets.xcassets */ = {isa = PBXFileReference; lastKnownFileType = folder.assetcatalog; path = Assets.xcassets; sourceTree = "<group>"; };
		657ED7F91D19847600A90874 /* Base */ = {isa = PBXFileReference; lastKnownFileType = file.storyboard; name = Base; path = Base.lproj/LaunchScreen.storyboard; sourceTree = "<group>"; };
		657ED7FB1D19847600A90874 /* Info.plist */ = {isa = PBXFileReference; lastKnownFileType = text.plist.xml; path = Info.plist; sourceTree = "<group>"; };
		657ED8001D19847600A90874 /* testwelcmapUITests.xctest */ = {isa = PBXFileReference; explicitFileType = wrapper.cfbundle; includeInIndex = 0; path = testwelcmapUITests.xctest; sourceTree = BUILT_PRODUCTS_DIR; };
		657ED8041D19847600A90874 /* testwelcmapUITests.swift */ = {isa = PBXFileReference; lastKnownFileType = sourcecode.swift; path = testwelcmapUITests.swift; sourceTree = "<group>"; };
		657ED8061D19847600A90874 /* Info.plist */ = {isa = PBXFileReference; lastKnownFileType = text.plist.xml; path = Info.plist; sourceTree = "<group>"; };
/* End PBXFileReference section */

/* Begin PBXFrameworksBuildPhase section */
		657ED7E91D19847600A90874 /* Frameworks */ = {
			isa = PBXFrameworksBuildPhase;
			buildActionMask = 2147483647;
			files = (
			);
			runOnlyForDeploymentPostprocessing = 0;
		};
		657ED7FD1D19847600A90874 /* Frameworks */ = {
			isa = PBXFrameworksBuildPhase;
			buildActionMask = 2147483647;
			files = (
			);
			runOnlyForDeploymentPostprocessing = 0;
		};
/* End PBXFrameworksBuildPhase section */

/* Begin PBXGroup section */
		657ED7E31D19847600A90874 = {
			isa = PBXGroup;
			children = (
				657ED7EE1D19847600A90874 /* testwelcmap */,
				657ED8031D19847600A90874 /* testwelcmapUITests */,
				657ED7ED1D19847600A90874 /* Products */,
			);
			sourceTree = "<group>";
		};
		657ED7ED1D19847600A90874 /* Products */ = {
			isa = PBXGroup;
			children = (
				657ED7EC1D19847600A90874 /* testwelcmap.app */,
				657ED8001D19847600A90874 /* testwelcmapUITests.xctest */,
			);
			name = Products;
			sourceTree = "<group>";
		};
		657ED7EE1D19847600A90874 /* testwelcmap */ = {
			isa = PBXGroup;
			children = (
				657ED7EF1D19847600A90874 /* AppDelegate.swift */,
				657ED7F11D19847600A90874 /* ViewController.swift */,
				657ED7F31D19847600A90874 /* Main.storyboard */,
				657ED7F61D19847600A90874 /* Assets.xcassets */,
				657ED7F81D19847600A90874 /* LaunchScreen.storyboard */,
				657ED7FB1D19847600A90874 /* Info.plist */,
			);
			path = testwelcmap;
			sourceTree = "<group>";
		};
		657ED8031D19847600A90874 /* testwelcmapUITests */ = {
			isa = PBXGroup;
			children = (
				657ED8041D19847600A90874 /* testwelcmapUITests.swift */,
				657ED8061D19847600A90874 /* Info.plist */,
			);
			path = testwelcmapUITests;
			sourceTree = "<group>";
		};
/* End PBXGroup section */

/* Begin PBXNativeTarget section */
		657ED7EB1D19847600A90874 /* testwelcmap */ = {
			isa = PBXNativeTarget;
			buildConfigurationList = 657ED8091D19847600A90874 /* Build configuration list for PBXNativeTarget "testwelcmap" */;
			buildPhases = (
				657ED7E81D19847600A90874 /* Sources */,
				657ED7E91D19847600A90874 /* Frameworks */,
				657ED7EA1D19847600A90874 /* Resources */,
			);
			buildRules = (
			);
			dependencies = (
			);
			name = testwelcmap;
			productName = testwelcmap;
			productReference = 657ED7EC1D19847600A90874 /* testwelcmap.app */;
			productType = "com.apple.product-type.application";
		};
		657ED7FF1D19847600A90874 /* testwelcmapUITests */ = {
			isa = PBXNativeTarget;
			buildConfigurationList = 657ED80C1D19847600A90874 /* Build configuration list for PBXNativeTarget "testwelcmapUITests" */;
			buildPhases = (
				657ED7FC1D19847600A90874 /* Sources */,
				657ED7FD1D19847600A90874 /* Frameworks */,
				657ED7FE1D19847600A90874 /* Resources */,
			);
			buildRules = (
			);
			dependencies = (
				657ED8021D19847600A90874 /* PBXTargetDependency */,
			);
			name = testwelcmapUITests;
			productName = testwelcmapUITests;
			productReference = 657ED8001D19847600A90874 /* testwelcmapUITests.xctest */;
			productType = "com.apple.product-type.bundle.ui-testing";
		};
/* End PBXNativeTarget section */

/* Begin PBXProject section */
		657ED7E41D19847600A90874 /* Project object */ = {
			isa = PBXProject;
			attributes = {
				LastSwiftUpdateCheck = 0730;
				LastUpgradeCheck = 0730;
				ORGANIZATIONNAME = "SPAM Concept srl";
				TargetAttributes = {
					657ED7EB1D19847600A90874 = {
						CreatedOnToolsVersion = 7.3.1;
					};
					657ED7FF1D19847600A90874 = {
						CreatedOnToolsVersion = 7.3.1;
						TestTargetID = 657ED7EB1D19847600A90874;
					};
				};
			};
			buildConfigurationList = 657ED7E71D19847600A90874 /* Build configuration list for PBXProject "testwelcmap" */;
			compatibilityVersion = "Xcode 3.2";
			developmentRegion = English;
			hasScannedForEncodings = 0;
			knownRegions = (
				en,
				Base,
			);
			mainGroup = 657ED7E31D19847600A90874;
			productRefGroup = 657ED7ED1D19847600A90874 /* Products */;
			projectDirPath = "";
			projectRoot = "";
			targets = (
				657ED7EB1D19847600A90874 /* testwelcmap */,
				657ED7FF1D19847600A90874 /* testwelcmapUITests */,
			);
		};
/* End PBXProject section */

/* Begin PBXResourcesBuildPhase section */
		657ED7EA1D19847600A90874 /* Resources */ = {
			isa = PBXResourcesBuildPhase;
			buildActionMask = 2147483647;
			files = (
				657ED7FA1D19847600A90874 /* LaunchScreen.storyboard in Resources */,
				657ED7F71D19847600A90874 /* Assets.xcassets in Resources */,
				657ED7F51D19847600A90874 /* Main.storyboard in Resources */,
			);
			runOnlyForDeploymentPostprocessing = 0;
		};
		657ED7FE1D19847600A90874 /* Resources */ = {
			isa = PBXResourcesBuildPhase;
			buildActionMask = 2147483647;
			files = (
			);
			runOnlyForDeploymentPostprocessing = 0;
		};
/* End PBXResourcesBuildPhase section */

/* Begin PBXSourcesBuildPhase section */
		657ED7E81D19847600A90874 /* Sources */ = {
			isa = PBXSourcesBuildPhase;
			buildActionMask = 2147483647;
			files = (
				657ED7F21D19847600A90874 /* ViewController.swift in Sources */,
				657ED7F01D19847600A90874 /* AppDelegate.swift in Sources */,
			);
			runOnlyForDeploymentPostprocessing = 0;
		};
		657ED7FC1D19847600A90874 /* Sources */ = {
			isa = PBXSourcesBuildPhase;
			buildActionMask = 2147483647;
			files = (
				657ED8051D19847600A90874 /* testwelcmapUITests.swift in Sources */,
			);
			runOnlyForDeploymentPostprocessing = 0;
		};
/* End PBXSourcesBuildPhase section */

/* Begin PBXTargetDependency section */
		657ED8021D19847600A90874 /* PBXTargetDependency */ = {
			isa = PBXTargetDependency;
			target = 657ED7EB1D19847600A90874 /* testwelcmap */;
			targetProxy = 657ED8011D19847600A90874 /* PBXContainerItemProxy */;
		};
/* End PBXTargetDependency section */

/* Begin PBXVariantGroup section */
		657ED7F31D19847600A90874 /* Main.storyboard */ = {
			isa = PBXVariantGroup;
			children = (
				657ED7F41D19847600A90874 /* Base */,
			);
			name = Main.storyboard;
			sourceTree = "<group>";
		};
		657ED7F81D19847600A90874 /* LaunchScreen.storyboard */ = {
			isa = PBXVariantGroup;
			children = (
				657ED7F91D19847600A90874 /* Base */,
			);
			name = LaunchScreen.storyboard;
			sourceTree = "<group>";
		};
/* End PBXVariantGroup section */

/* Begin XCBuildConfiguration section */
		657ED8071D19847600A90874 /* Debug */ = {
			isa = XCBuildConfiguration;
			buildSettings = {
				ALWAYS_SEARCH_USER_PATHS = NO;
				CLANG_ANALYZER_NONNULL = YES;
				CLANG_CXX_LANGUAGE_STANDARD = "gnu++0x";
				CLANG_CXX_LIBRARY = "libc++";
				CLANG_ENABLE_MODULES = YES;
				CLANG_ENABLE_OBJC_ARC = YES;
				CLANG_WARN_BOOL_CONVERSION = YES;
				CLANG_WARN_CONSTANT_CONVERSION = YES;
				CLANG_WARN_DIRECT_OBJC_ISA_USAGE = YES_ERROR;
				CLANG_WARN_EMPTY_BODY = YES;
				CLANG_WARN_ENUM_CONVERSION = YES;
				CLANG_WARN_INT_CONVERSION = YES;
				CLANG_WARN_OBJC_ROOT_CLASS = YES_ERROR;
				CLANG_WARN_UNREACHABLE_CODE = YES;
				CLANG_WARN__DUPLICATE_METHOD_MATCH = YES;
				"CODE_SIGN_IDENTITY[sdk=iphoneos*]" = "iPhone Developer";
				COPY_PHASE_STRIP = NO;
				DEBUG_INFORMATION_FORMAT = dwarf;
				ENABLE_STRICT_OBJC_MSGSEND = YES;
				ENABLE_TESTABILITY = YES;
				GCC_C_LANGUAGE_STANDARD = gnu99;
				GCC_DYNAMIC_NO_PIC = NO;
				GCC_NO_COMMON_BLOCKS = YES;
				GCC_OPTIMIZATION_LEVEL = 0;
				GCC_PREPROCESSOR_DEFINITIONS = (
					"DEBUG=1",
					"$(inherited)",
				);
				GCC_WARN_64_TO_32_BIT_CONVERSION = YES;
				GCC_WARN_ABOUT_RETURN_TYPE = YES_ERROR;
				GCC_WARN_UNDECLARED_SELECTOR = YES;
				GCC_WARN_UNINITIALIZED_AUTOS = YES_AGGRESSIVE;
				GCC_WARN_UNUSED_FUNCTION = YES;
				GCC_WARN_UNUSED_VARIABLE = YES;
				IPHONEOS_DEPLOYMENT_TARGET = 9.3;
				MTL_ENABLE_DEBUG_INFO = YES;
				ONLY_ACTIVE_ARCH = YES;
				SDKROOT = iphoneos;
				SWIFT_OPTIMIZATION_LEVEL = "-Onone";
				TARGETED_DEVICE_FAMILY = "1,2";
			};
			name = Debug;
		};
		657ED8081D19847600A90874 /* Release */ = {
			isa = XCBuildConfiguration;
			buildSettings = {
				ALWAYS_SEARCH_USER_PATHS = NO;
				CLANG_ANALYZER_NONNULL = YES;
				CLANG_CXX_LANGUAGE_STANDARD = "gnu++0x";
				CLANG_CXX_LIBRARY = "libc++";
				CLANG_ENABLE_MODULES = YES;
				CLANG_ENABLE_OBJC_ARC = YES;
				CLANG_WARN_BOOL_CONVERSION = YES;
				CLANG_WARN_CONSTANT_CONVERSION = YES;
				CLANG_WARN_DIRECT_OBJC_ISA_USAGE = YES_ERROR;
				CLANG_WARN_EMPTY_BODY = YES;
				CLANG_WARN_ENUM_CONVERSION = YES;
				CLANG_WARN_INT_CONVERSION = YES;
				CLANG_WARN_OBJC_ROOT_CLASS = YES_ERROR;
				CLANG_WARN_UNREACHABLE_CODE = YES;
				CLANG_WARN__DUPLICATE_METHOD_MATCH = YES;
				"CODE_SIGN_IDENTITY[sdk=iphoneos*]" = "iPhone Developer";
				COPY_PHASE_STRIP = NO;
				DEBUG_INFORMATION_FORMAT = "dwarf-with-dsym";
				ENABLE_NS_ASSERTIONS = NO;
				ENABLE_STRICT_OBJC_MSGSEND = YES;
				GCC_C_LANGUAGE_STANDARD = gnu99;
				GCC_NO_COMMON_BLOCKS = YES;
				GCC_WARN_64_TO_32_BIT_CONVERSION = YES;
				GCC_WARN_ABOUT_RETURN_TYPE = YES_ERROR;
				GCC_WARN_UNDECLARED_SELECTOR = YES;
				GCC_WARN_UNINITIALIZED_AUTOS = YES_AGGRESSIVE;
				GCC_WARN_UNUSED_FUNCTION = YES;
				GCC_WARN_UNUSED_VARIABLE = YES;
				IPHONEOS_DEPLOYMENT_TARGET = 9.3;
				MTL_ENABLE_DEBUG_INFO = NO;
				SDKROOT = iphoneos;
				TARGETED_DEVICE_FAMILY = "1,2";
				VALIDATE_PRODUCT = YES;
			};
			name = Release;
		};
		657ED80A1D19847600A90874 /* Debug */ = {
			isa = XCBuildConfiguration;
			buildSettings = {
				ASSETCATALOG_COMPILER_APPICON_NAME = AppIcon;
				INFOPLIST_FILE = testwelcmap/Info.plist;
				LD_RUNPATH_SEARCH_PATHS = "$(inherited) @executable_path/Frameworks";
				PRODUCT_BUNDLE_IDENTIFIER = it.spamconcept.testwelcmap;
				PRODUCT_NAME = "$(TARGET_NAME)";
			};
			name = Debug;
		};
		657ED80B1D19847600A90874 /* Release */ = {
			isa = XCBuildConfiguration;
			buildSettings = {
				ASSETCATALOG_COMPILER_APPICON_NAME = AppIcon;
				INFOPLIST_FILE = testwelcmap/Info.plist;
				LD_RUNPATH_SEARCH_PATHS = "$(inherited) @executable_path/Frameworks";
				PRODUCT_BUNDLE_IDENTIFIER = it.spamconcept.testwelcmap;
				PRODUCT_NAME = "$(TARGET_NAME)";
			};
			name = Release;
		};
		657ED80D1D19847600A90874 /* Debug */ = {
			isa = XCBuildConfiguration;
			buildSettings = {
				INFOPLIST_FILE = testwelcmapUITests/Info.plist;
				LD_RUNPATH_SEARCH_PATHS = "$(inherited) @executable_path/Frameworks @loader_path/Frameworks";
				PRODUCT_BUNDLE_IDENTIFIER = it.spamconcept.testwelcmapUITests;
				PRODUCT_NAME = "$(TARGET_NAME)";
				TEST_TARGET_NAME = testwelcmap;
			};
			name = Debug;
		};
		657ED80E1D19847600A90874 /* Release */ = {
			isa = XCBuildConfiguration;
			buildSettings = {
				INFOPLIST_FILE = testwelcmapUITests/Info.plist;
				LD_RUNPATH_SEARCH_PATHS = "$(inherited) @executable_path/Frameworks @loader_path/Frameworks";
				PRODUCT_BUNDLE_IDENTIFIER = it.spamconcept.testwelcmapUITests;
				PRODUCT_NAME = "$(TARGET_NAME)";
				TEST_TARGET_NAME = testwelcmap;
			};
			name = Release;
		};
/* End XCBuildConfiguration section */

/* Begin XCConfigurationList section */
		657ED7E71D19847600A90874 /* Build configuration list for PBXProject "testwelcmap" */ = {
			isa = XCConfigurationList;
			buildConfigurations = (
				657ED8071D19847600A90874 /* Debug */,
				657ED8081D19847600A90874 /* Release */,
			);
			defaultConfigurationIsVisible = 0;
			defaultConfigurationName = Release;
		};
		657ED8091D19847600A90874 /* Build configuration list for PBXNativeTarget "testwelcmap" */ = {
			isa = XCConfigurationList;
			buildConfigurations = (
				657ED80A1D19847600A90874 /* Debug */,
				657ED80B1D19847600A90874 /* Release */,
			);
			defaultConfigurationIsVisible = 0;
		};
		657ED80C1D19847600A90874 /* Build configuration list for PBXNativeTarget "testwelcmapUITests" */ = {
			isa = XCConfigurationList;
			buildConfigurations = (
				657ED80D1D19847600A90874 /* Debug */,
				657ED80E1D19847600A90874 /* Release */,
			);
			defaultConfigurationIsVisible = 0;
		};
/* End XCConfigurationList section */
	};
	rootObject = 657ED7E41D19847600A90874 /* Project object */;
}
